
Microsoft Visual Studio Solution File, Format Version 12.00
# Visual Studio Version 17
VisualStudioVersion = 17.13.35825.156 d17.13
MinimumVisualStudioVersion = 10.0.40219.1
Project("{FAE04EC0-301F-11D3-BF4B-00C04F79EFBC}") = "QuanLyGuiTietKiem", "QuanLyGuiTietKiem.csproj", "{54AA7F1F-C28F-4170-B0CE-4046A4C07348}"
EndProject
Global
	GlobalSection(SolutionConfigurationPlatforms) = preSolution
		Debug|Any CPU = Debug|Any CPU
		Release|Any CPU = Release|Any CPU
	EndGlobalSection
	GlobalSection(ProjectConfigurationPlatforms) = postSolution
		{54AA7F1F-C28F-4170-B0CE-4046A4C07348}.Debug|Any CPU.ActiveCfg = Debug|Any CPU
		{54AA7F1F-C28F-4170-B0CE-4046A4C07348}.Debug|Any CPU.Build.0 = Debug|Any CPU
		{54AA7F1F-C28F-4170-B0CE-4046A4C07348}.Release|Any CPU.ActiveCfg = Release|Any CPU
		{54AA7F1F-C28F-4170-B0CE-4046A4C07348}.Release|Any CPU.Build.0 = Release|Any CPU
	EndGlobalSection
	GlobalSection(SolutionProperties) = preSolution
		HideSolutionNode = FALSE
	EndGlobalSection
	GlobalSection(ExtensibilityGlobals) = postSolution
		SolutionGuid = {91643101-0E1D-4546-8C95-F22E651655A4}
	EndGlobalSection
EndGlobal
